{
  "requires": true,
  "lockfileVersion": 1,
  "dependencies": {
    "cd": {
      "version": "0.3.3",
      "resolved": "https://registry.npmjs.org/cd/-/cd-0.3.3.tgz",
      "integrity": "sha1-EI7LV7/5O5a5EVxUVzz+8wCO+U0="
    },
    "rxjs-compat": {
      "version": "6.6.7",
      "resolved": "https://registry.npmjs.org/rxjs-compat/-/rxjs-compat-6.6.7.tgz",
      "integrity": "sha512-szN4fK+TqBPOFBcBcsR0g2cmTTUF/vaFEOZNuSdfU8/pGFnNmmn2u8SystYXG1QMrjOPBc6XTKHMVfENDf6hHw=="
    }
  }
}
