
Microsoft Visual Studio Solution File, Format Version 12.00
# Visual Studio Version 16
VisualStudioVersion = 16.0.31112.23
MinimumVisualStudioVersion = 10.0.40219.1
Project("{9A19103F-16F7-4668-BE54-9A1E7A4F7556}") = "RockPaperScissorsRB", "RockPaperScissorsRB\RockPaperScissorsRB.csproj", "{A8845223-17D0-4315-9E99-62A99125E72D}"
EndProject
Project("{FAE04EC0-301F-11D3-BF4B-00C04F79EFBC}") = "RockPaperScissorsTest", "RockPaperScissorsTest\RockPaperScissorsTest.csproj", "{29730D49-8926-40D6-ABA8-F70C26B2DFAC}"
EndProject
Global
	GlobalSection(SolutionConfigurationPlatforms) = preSolution
		Debug|Any CPU = Debug|Any CPU
		Release|Any CPU = Release|Any CPU
	EndGlobalSection
	GlobalSection(ProjectConfigurationPlatforms) = postSolution
		{A8845223-17D0-4315-9E99-62A99125E72D}.Debug|Any CPU.ActiveCfg = Debug|Any CPU
		{A8845223-17D0-4315-9E99-62A99125E72D}.Debug|Any CPU.Build.0 = Debug|Any CPU
		{A8845223-17D0-4315-9E99-62A99125E72D}.Release|Any CPU.ActiveCfg = Release|Any CPU
		{A8845223-17D0-4315-9E99-62A99125E72D}.Release|Any CPU.Build.0 = Release|Any CPU
		{29730D49-8926-40D6-ABA8-F70C26B2DFAC}.Debug|Any CPU.ActiveCfg = Debug|Any CPU
		{29730D49-8926-40D6-ABA8-F70C26B2DFAC}.Debug|Any CPU.Build.0 = Debug|Any CPU
		{29730D49-8926-40D6-ABA8-F70C26B2DFAC}.Release|Any CPU.ActiveCfg = Release|Any CPU
		{29730D49-8926-40D6-ABA8-F70C26B2DFAC}.Release|Any CPU.Build.0 = Release|Any CPU
	EndGlobalSection
	GlobalSection(SolutionProperties) = preSolution
		HideSolutionNode = FALSE
	EndGlobalSection
	GlobalSection(ExtensibilityGlobals) = postSolution
		SolutionGuid = {40F38AC6-C51C-46FA-BC0C-9D9D0C34C2AF}
	EndGlobalSection
EndGlobal
